
Microsoft Visual Studio Solution File, Format Version 12.00
Project("{FAE04EC0-301F-11D3-BF4B-00C04F79EFBC}") = "BitCrafts.Module.Users", "src\BitCrafts.Module.Users\BitCrafts.Module.Users.csproj", "{A61DEFB8-7412-4AD0-9032-B1C65CF0364E}"
EndProject
Project("{FAE04EC0-301F-11D3-BF4B-00C04F79EFBC}") = "BitCrafts.Module.Users.Abstraction", "src\BitCrafts.Module.Users.Abstraction\BitCrafts.Module.Users.Abstraction.csproj", "{2C74A09F-7CE2-4B6C-A826-713C70B36841}"
EndProject
Project("{FAE04EC0-301F-11D3-BF4B-00C04F79EFBC}") = "BitCrafts.UsersDemoApplicationAvalonia", "src\BitCrafts.UsersDemoApplicationAvalonia\BitCrafts.UsersDemoApplicationAvalonia.csproj", "{38BA32E1-4F2E-4D57-88B8-1E40CA86F408}"
EndProject
Global
	GlobalSection(SolutionConfigurationPlatforms) = preSolution
		Debug|Any CPU = Debug|Any CPU
		Release|Any CPU = Release|Any CPU
	EndGlobalSection
	GlobalSection(ProjectConfigurationPlatforms) = postSolution
		{A61DEFB8-7412-4AD0-9032-B1C65CF0364E}.Debug|Any CPU.ActiveCfg = Debug|Any CPU
		{A61DEFB8-7412-4AD0-9032-B1C65CF0364E}.Debug|Any CPU.Build.0 = Debug|Any CPU
		{A61DEFB8-7412-4AD0-9032-B1C65CF0364E}.Release|Any CPU.ActiveCfg = Release|Any CPU
		{A61DEFB8-7412-4AD0-9032-B1C65CF0364E}.Release|Any CPU.Build.0 = Release|Any CPU
		{2C74A09F-7CE2-4B6C-A826-713C70B36841}.Debug|Any CPU.ActiveCfg = Debug|Any CPU
		{2C74A09F-7CE2-4B6C-A826-713C70B36841}.Debug|Any CPU.Build.0 = Debug|Any CPU
		{2C74A09F-7CE2-4B6C-A826-713C70B36841}.Release|Any CPU.ActiveCfg = Release|Any CPU
		{2C74A09F-7CE2-4B6C-A826-713C70B36841}.Release|Any CPU.Build.0 = Release|Any CPU
		{38BA32E1-4F2E-4D57-88B8-1E40CA86F408}.Debug|Any CPU.ActiveCfg = Debug|Any CPU
		{38BA32E1-4F2E-4D57-88B8-1E40CA86F408}.Debug|Any CPU.Build.0 = Debug|Any CPU
		{38BA32E1-4F2E-4D57-88B8-1E40CA86F408}.Release|Any CPU.ActiveCfg = Release|Any CPU
		{38BA32E1-4F2E-4D57-88B8-1E40CA86F408}.Release|Any CPU.Build.0 = Release|Any CPU
	EndGlobalSection
EndGlobal
